
Microsoft Visual Studio Solution File, Format Version 12.00
# Visual Studio Version 17
VisualStudioVersion = 17.3.32901.215
MinimumVisualStudioVersion = 10.0.40219.1
Project("{FAE04EC0-301F-11D3-BF4B-00C04F79EFBC}") = "BlazorApp1", "BlazorApp1\BlazorApp1.csproj", "{0966B80D-6FDE-48DE-9B1F-8D0F28704D99}"
EndProject
Global
	GlobalSection(SolutionConfigurationPlatforms) = preSolution
		Debug|Any CPU = Debug|Any CPU
		Release|Any CPU = Release|Any CPU
	EndGlobalSection
	GlobalSection(ProjectConfigurationPlatforms) = postSolution
		{0966B80D-6FDE-48DE-9B1F-8D0F28704D99}.Debug|Any CPU.ActiveCfg = Debug|Any CPU
		{0966B80D-6FDE-48DE-9B1F-8D0F28704D99}.Debug|Any CPU.Build.0 = Debug|Any CPU
		{0966B80D-6FDE-48DE-9B1F-8D0F28704D99}.Release|Any CPU.ActiveCfg = Release|Any CPU
		{0966B80D-6FDE-48DE-9B1F-8D0F28704D99}.Release|Any CPU.Build.0 = Release|Any CPU
	EndGlobalSection
	GlobalSection(SolutionProperties) = preSolution
		HideSolutionNode = FALSE
	EndGlobalSection
	GlobalSection(ExtensibilityGlobals) = postSolution
		SolutionGuid = {42739E0D-0C35-443F-9FA8-810813425E2D}
	EndGlobalSection
EndGlobal
